
Microsoft Visual Studio Solution File, Format Version 12.00
# Visual Studio Version 17
VisualStudioVersion = 17.13.35919.96 d17.13
MinimumVisualStudioVersion = 10.0.40219.1
Project("{FAE04EC0-301F-11D3-BF4B-00C04F79EFBC}") = "blaubergselector-wrapper-coils", "blaubergselector-wrapper-coils.csproj", "{59D85515-B833-4E75-8585-0B03040FCD2B}"
EndProject
Global
	GlobalSection(SolutionConfigurationPlatforms) = preSolution
		Debug|Any CPU = Debug|Any CPU
		Release|Any CPU = Release|Any CPU
	EndGlobalSection
	GlobalSection(ProjectConfigurationPlatforms) = postSolution
		{59D85515-B833-4E75-8585-0B03040FCD2B}.Debug|Any CPU.ActiveCfg = Debug|Any CPU
		{59D85515-B833-4E75-8585-0B03040FCD2B}.Debug|Any CPU.Build.0 = Debug|Any CPU
		{59D85515-B833-4E75-8585-0B03040FCD2B}.Release|Any CPU.ActiveCfg = Release|Any CPU
		{59D85515-B833-4E75-8585-0B03040FCD2B}.Release|Any CPU.Build.0 = Release|Any CPU
	EndGlobalSection
	GlobalSection(SolutionProperties) = preSolution
		HideSolutionNode = FALSE
	EndGlobalSection
	GlobalSection(ExtensibilityGlobals) = postSolution
		SolutionGuid = {D9E9CF12-DDE6-403D-9F3D-CBD338B8E55B}
	EndGlobalSection
EndGlobal
